
Microsoft Visual Studio Solution File, Format Version 12.00
# Visual Studio Version 16
VisualStudioVersion = 16.0.29409.12
MinimumVisualStudioVersion = 10.0.40219.1
Project("{FAE04EC0-301F-11D3-BF4B-00C04F79EFBC}") = "ArrayConForRapido", "ArrayConForRapido.csproj", "{4786C367-DBAA-44C9-BB8C-D47C4B14F731}"
EndProject
Global
	GlobalSection(SolutionConfigurationPlatforms) = preSolution
		Debug|Any CPU = Debug|Any CPU
		Release|Any CPU = Release|Any CPU
	EndGlobalSection
	GlobalSection(ProjectConfigurationPlatforms) = postSolution
		{4786C367-DBAA-44C9-BB8C-D47C4B14F731}.Debug|Any CPU.ActiveCfg = Debug|Any CPU
		{4786C367-DBAA-44C9-BB8C-D47C4B14F731}.Debug|Any CPU.Build.0 = Debug|Any CPU
		{4786C367-DBAA-44C9-BB8C-D47C4B14F731}.Release|Any CPU.ActiveCfg = Release|Any CPU
		{4786C367-DBAA-44C9-BB8C-D47C4B14F731}.Release|Any CPU.Build.0 = Release|Any CPU
	EndGlobalSection
	GlobalSection(SolutionProperties) = preSolution
		HideSolutionNode = FALSE
	EndGlobalSection
	GlobalSection(ExtensibilityGlobals) = postSolution
		SolutionGuid = {EE71DF60-351C-492B-AC2E-DFFC7F2D1752}
	EndGlobalSection
EndGlobal
